
Microsoft Visual Studio Solution File, Format Version 12.00
# Visual Studio 2013
VisualStudioVersion = 12.0.30723.0
MinimumVisualStudioVersion = 10.0.40219.1
Project("{FAE04EC0-301F-11D3-BF4B-00C04F79EFBC}") = "Stilago.Tasks.Web", "WebApplication1\Stilago.Tasks.Web.csproj", "{EF3A5138-CF24-443F-897F-3EF5821D4FDC}"
EndProject
Global
	GlobalSection(SolutionConfigurationPlatforms) = preSolution
		Debug|Any CPU = Debug|Any CPU
		Release|Any CPU = Release|Any CPU
	EndGlobalSection
	GlobalSection(ProjectConfigurationPlatforms) = postSolution
		{EF3A5138-CF24-443F-897F-3EF5821D4FDC}.Debug|Any CPU.ActiveCfg = Debug|Any CPU
		{EF3A5138-CF24-443F-897F-3EF5821D4FDC}.Debug|Any CPU.Build.0 = Debug|Any CPU
		{EF3A5138-CF24-443F-897F-3EF5821D4FDC}.Release|Any CPU.ActiveCfg = Release|Any CPU
		{EF3A5138-CF24-443F-897F-3EF5821D4FDC}.Release|Any CPU.Build.0 = Release|Any CPU
	EndGlobalSection
	GlobalSection(SolutionProperties) = preSolution
		HideSolutionNode = FALSE
	EndGlobalSection
EndGlobal
